
Microsoft Visual Studio Solution File, Format Version 12.00
# Visual Studio Version 17
VisualStudioVersion = 17.13.35818.85 d17.13
MinimumVisualStudioVersion = 10.0.40219.1
Project("{FAE04EC0-301F-11D3-BF4B-00C04F79EFBC}") = "App_GUI", "App_GUI\App_GUI.csproj", "{76A49DE9-305C-4033-8782-D1415C6D1B41}"
EndProject
Global
	GlobalSection(SolutionConfigurationPlatforms) = preSolution
		Debug|Any CPU = Debug|Any CPU
		Release|Any CPU = Release|Any CPU
	EndGlobalSection
	GlobalSection(ProjectConfigurationPlatforms) = postSolution
		{76A49DE9-305C-4033-8782-D1415C6D1B41}.Debug|Any CPU.ActiveCfg = Debug|Any CPU
		{76A49DE9-305C-4033-8782-D1415C6D1B41}.Debug|Any CPU.Build.0 = Debug|Any CPU
		{76A49DE9-305C-4033-8782-D1415C6D1B41}.Release|Any CPU.ActiveCfg = Release|Any CPU
		{76A49DE9-305C-4033-8782-D1415C6D1B41}.Release|Any CPU.Build.0 = Release|Any CPU
	EndGlobalSection
	GlobalSection(SolutionProperties) = preSolution
		HideSolutionNode = FALSE
	EndGlobalSection
	GlobalSection(ExtensibilityGlobals) = postSolution
		SolutionGuid = {26F7EEE2-496F-4712-AD4F-BEE9B6312963}
	EndGlobalSection
EndGlobal
