
Microsoft Visual Studio Solution File, Format Version 12.00
# Visual Studio Version 17
VisualStudioVersion = 17.13.35818.85 d17.13
MinimumVisualStudioVersion = 10.0.40219.1
Project("{FAE04EC0-301F-11D3-BF4B-00C04F79EFBC}") = "jurnalmod07", "jurnalmod07\jurnalmod07.csproj", "{A2A3A14A-4854-49D7-B67D-CCD58804A551}"
EndProject
Global
	GlobalSection(SolutionConfigurationPlatforms) = preSolution
		Debug|Any CPU = Debug|Any CPU
		Release|Any CPU = Release|Any CPU
	EndGlobalSection
	GlobalSection(ProjectConfigurationPlatforms) = postSolution
		{A2A3A14A-4854-49D7-B67D-CCD58804A551}.Debug|Any CPU.ActiveCfg = Debug|Any CPU
		{A2A3A14A-4854-49D7-B67D-CCD58804A551}.Debug|Any CPU.Build.0 = Debug|Any CPU
		{A2A3A14A-4854-49D7-B67D-CCD58804A551}.Release|Any CPU.ActiveCfg = Release|Any CPU
		{A2A3A14A-4854-49D7-B67D-CCD58804A551}.Release|Any CPU.Build.0 = Release|Any CPU
	EndGlobalSection
	GlobalSection(SolutionProperties) = preSolution
		HideSolutionNode = FALSE
	EndGlobalSection
	GlobalSection(ExtensibilityGlobals) = postSolution
		SolutionGuid = {DC5634D0-B919-4240-9F8B-1A44250B7257}
	EndGlobalSection
EndGlobal
